
Microsoft Visual Studio Solution File, Format Version 12.00
# Visual Studio 2012
Project("{FAE04EC0-301F-11D3-BF4B-00C04F79EFBC}") = "NetgearI", "NetgearI\NetgearI.csproj", "{FA98B393-EE92-4BAE-A1E6-2D9713178F05}"
EndProject
Global
	GlobalSection(SolutionConfigurationPlatforms) = preSolution
		Debug|Any CPU = Debug|Any CPU
		Release|Any CPU = Release|Any CPU
	EndGlobalSection
	GlobalSection(ProjectConfigurationPlatforms) = postSolution
		{FA98B393-EE92-4BAE-A1E6-2D9713178F05}.Debug|Any CPU.ActiveCfg = Debug|Any CPU
		{FA98B393-EE92-4BAE-A1E6-2D9713178F05}.Debug|Any CPU.Build.0 = Debug|Any CPU
		{FA98B393-EE92-4BAE-A1E6-2D9713178F05}.Release|Any CPU.ActiveCfg = Release|Any CPU
		{FA98B393-EE92-4BAE-A1E6-2D9713178F05}.Release|Any CPU.Build.0 = Release|Any CPU
	EndGlobalSection
EndGlobal
